
Microsoft Visual Studio Solution File, Format Version 12.00
# Visual Studio Version 17
VisualStudioVersion = 17.3.32825.248
MinimumVisualStudioVersion = 10.0.40219.1
Project("{FAE04EC0-301F-11D3-BF4B-00C04F79EFBC}") = "OAUTHDEMO", "OAUTHDEMO\OAUTHDEMO.csproj", "{ABF575FB-0FE6-47C9-99AC-2B03D642E4D5}"
EndProject
Global
	GlobalSection(SolutionConfigurationPlatforms) = preSolution
		Debug|Any CPU = Debug|Any CPU
		Release|Any CPU = Release|Any CPU
	EndGlobalSection
	GlobalSection(ProjectConfigurationPlatforms) = postSolution
		{ABF575FB-0FE6-47C9-99AC-2B03D642E4D5}.Debug|Any CPU.ActiveCfg = Debug|Any CPU
		{ABF575FB-0FE6-47C9-99AC-2B03D642E4D5}.Debug|Any CPU.Build.0 = Debug|Any CPU
		{ABF575FB-0FE6-47C9-99AC-2B03D642E4D5}.Release|Any CPU.ActiveCfg = Release|Any CPU
		{ABF575FB-0FE6-47C9-99AC-2B03D642E4D5}.Release|Any CPU.Build.0 = Release|Any CPU
	EndGlobalSection
	GlobalSection(SolutionProperties) = preSolution
		HideSolutionNode = FALSE
	EndGlobalSection
	GlobalSection(ExtensibilityGlobals) = postSolution
		SolutionGuid = {5B2FDA87-00D3-441A-978F-865A8A7FF5A9}
	EndGlobalSection
EndGlobal
